
Microsoft Visual Studio Solution File, Format Version 12.00
# Visual Studio Version 17
VisualStudioVersion = 17.6.33712.159
MinimumVisualStudioVersion = 10.0.40219.1
Project("{FAE04EC0-301F-11D3-BF4B-00C04F79EFBC}") = "ASS_1_OOP_C#", "ASS_1_OOP_C#\ASS_1_OOP_C#.csproj", "{AF18CBDA-9F80-4592-802F-993BFF3627D5}"
EndProject
Global
	GlobalSection(SolutionConfigurationPlatforms) = preSolution
		Debug|Any CPU = Debug|Any CPU
		Release|Any CPU = Release|Any CPU
	EndGlobalSection
	GlobalSection(ProjectConfigurationPlatforms) = postSolution
		{AF18CBDA-9F80-4592-802F-993BFF3627D5}.Debug|Any CPU.ActiveCfg = Debug|Any CPU
		{AF18CBDA-9F80-4592-802F-993BFF3627D5}.Debug|Any CPU.Build.0 = Debug|Any CPU
		{AF18CBDA-9F80-4592-802F-993BFF3627D5}.Release|Any CPU.ActiveCfg = Release|Any CPU
		{AF18CBDA-9F80-4592-802F-993BFF3627D5}.Release|Any CPU.Build.0 = Release|Any CPU
	EndGlobalSection
	GlobalSection(SolutionProperties) = preSolution
		HideSolutionNode = FALSE
	EndGlobalSection
	GlobalSection(ExtensibilityGlobals) = postSolution
		SolutionGuid = {4DD28CC5-0B61-482F-BE44-C14DD2CE2CF3}
	EndGlobalSection
EndGlobal
